
Microsoft Visual Studio Solution File, Format Version 12.00
# Visual Studio Version 16
VisualStudioVersion = 16.0.32428.217
MinimumVisualStudioVersion = 10.0.40219.1
Project("{FAE04EC0-301F-11D3-BF4B-00C04F79EFBC}") = "RBMAI", "RealisticBattleAiModule\RBMAI.csproj", "{7254E74D-4968-47C3-BB91-84D3FC207ACB}"
EndProject
Project("{FAE04EC0-301F-11D3-BF4B-00C04F79EFBC}") = "RBMCombat", "RealisticBattleCombatModule\RBMCombat.csproj", "{39335729-4FAE-451E-991B-123D7898B3EB}"
EndProject
Project("{FAE04EC0-301F-11D3-BF4B-00C04F79EFBC}") = "RBMTournament", "RBMTournament\RBMTournament.csproj", "{407303F4-BDA8-4629-96F6-A642611FB1DD}"
EndProject
Project("{FAE04EC0-301F-11D3-BF4B-00C04F79EFBC}") = "RBM", "RBM\RBM.csproj", "{261D45DE-84C9-4102-B083-6F4A30BA5A3A}"
EndProject
Project("{FAE04EC0-301F-11D3-BF4B-00C04F79EFBC}") = "RBMConfig", "RBMConfig\RBMConfig.csproj", "{D7F2B557-3D03-4DCF-850C-DA8E5E2D8505}"
EndProject
Global
	GlobalSection(SolutionConfigurationPlatforms) = preSolution
		Debug|Any CPU = Debug|Any CPU
		Release|Any CPU = Release|Any CPU
	EndGlobalSection
	GlobalSection(ProjectConfigurationPlatforms) = postSolution
		{7254E74D-4968-47C3-BB91-84D3FC207ACB}.Debug|Any CPU.ActiveCfg = Debug|Any CPU
		{7254E74D-4968-47C3-BB91-84D3FC207ACB}.Debug|Any CPU.Build.0 = Debug|Any CPU
		{7254E74D-4968-47C3-BB91-84D3FC207ACB}.Release|Any CPU.ActiveCfg = Release|Any CPU
		{7254E74D-4968-47C3-BB91-84D3FC207ACB}.Release|Any CPU.Build.0 = Release|Any CPU
		{39335729-4FAE-451E-991B-123D7898B3EB}.Debug|Any CPU.ActiveCfg = Debug|Any CPU
		{39335729-4FAE-451E-991B-123D7898B3EB}.Debug|Any CPU.Build.0 = Debug|Any CPU
		{39335729-4FAE-451E-991B-123D7898B3EB}.Release|Any CPU.ActiveCfg = Release|Any CPU
		{39335729-4FAE-451E-991B-123D7898B3EB}.Release|Any CPU.Build.0 = Release|Any CPU
		{407303F4-BDA8-4629-96F6-A642611FB1DD}.Debug|Any CPU.ActiveCfg = Debug|Any CPU
		{407303F4-BDA8-4629-96F6-A642611FB1DD}.Debug|Any CPU.Build.0 = Debug|Any CPU
		{407303F4-BDA8-4629-96F6-A642611FB1DD}.Release|Any CPU.ActiveCfg = Release|Any CPU
		{407303F4-BDA8-4629-96F6-A642611FB1DD}.Release|Any CPU.Build.0 = Release|Any CPU
		{261D45DE-84C9-4102-B083-6F4A30BA5A3A}.Debug|Any CPU.ActiveCfg = Debug|Any CPU
		{261D45DE-84C9-4102-B083-6F4A30BA5A3A}.Debug|Any CPU.Build.0 = Debug|Any CPU
		{261D45DE-84C9-4102-B083-6F4A30BA5A3A}.Release|Any CPU.ActiveCfg = Release|Any CPU
		{261D45DE-84C9-4102-B083-6F4A30BA5A3A}.Release|Any CPU.Build.0 = Release|Any CPU
		{D7F2B557-3D03-4DCF-850C-DA8E5E2D8505}.Debug|Any CPU.ActiveCfg = Debug|Any CPU
		{D7F2B557-3D03-4DCF-850C-DA8E5E2D8505}.Debug|Any CPU.Build.0 = Debug|Any CPU
		{D7F2B557-3D03-4DCF-850C-DA8E5E2D8505}.Release|Any CPU.ActiveCfg = Release|Any CPU
		{D7F2B557-3D03-4DCF-850C-DA8E5E2D8505}.Release|Any CPU.Build.0 = Release|Any CPU
	EndGlobalSection
	GlobalSection(SolutionProperties) = preSolution
		HideSolutionNode = FALSE
	EndGlobalSection
	GlobalSection(ExtensibilityGlobals) = postSolution
		SolutionGuid = {1C9BECC5-C83C-48A1-AE32-F9E2E6607811}
	EndGlobalSection
EndGlobal
