
Microsoft Visual Studio Solution File, Format Version 12.00
# Visual Studio Version 16
VisualStudioVersion = 16.0.30011.22
MinimumVisualStudioVersion = 10.0.40219.1
Project("{FAE04EC0-301F-11D3-BF4B-00C04F79EFBC}") = "RealisticBattleAiModule", "RealisticBattleAiModule\RealisticBattleAiModule.csproj", "{7254E74D-4968-47C3-BB91-84D3FC207ACB}"
EndProject
Project("{FAE04EC0-301F-11D3-BF4B-00C04F79EFBC}") = "RealisticBattleCombatModule", "RealisticBattleCombatModule\RealisticBattleCombatModule.csproj", "{39335729-4FAE-451E-991B-123D7898B3EB}"
EndProject
Global
	GlobalSection(SolutionConfigurationPlatforms) = preSolution
		Debug|Any CPU = Debug|Any CPU
		Release|Any CPU = Release|Any CPU
	EndGlobalSection
	GlobalSection(ProjectConfigurationPlatforms) = postSolution
		{7254E74D-4968-47C3-BB91-84D3FC207ACB}.Debug|Any CPU.ActiveCfg = Debug|Any CPU
		{7254E74D-4968-47C3-BB91-84D3FC207ACB}.Debug|Any CPU.Build.0 = Debug|Any CPU
		{7254E74D-4968-47C3-BB91-84D3FC207ACB}.Release|Any CPU.ActiveCfg = Release|Any CPU
		{7254E74D-4968-47C3-BB91-84D3FC207ACB}.Release|Any CPU.Build.0 = Release|Any CPU
		{39335729-4FAE-451E-991B-123D7898B3EB}.Debug|Any CPU.ActiveCfg = Debug|Any CPU
		{39335729-4FAE-451E-991B-123D7898B3EB}.Debug|Any CPU.Build.0 = Debug|Any CPU
		{39335729-4FAE-451E-991B-123D7898B3EB}.Release|Any CPU.ActiveCfg = Release|Any CPU
		{39335729-4FAE-451E-991B-123D7898B3EB}.Release|Any CPU.Build.0 = Release|Any CPU
	EndGlobalSection
	GlobalSection(SolutionProperties) = preSolution
		HideSolutionNode = FALSE
	EndGlobalSection
	GlobalSection(ExtensibilityGlobals) = postSolution
		SolutionGuid = {1C9BECC5-C83C-48A1-AE32-F9E2E6607811}
	EndGlobalSection
EndGlobal
